// !$*UTF8*$!
{
	archiveVersion = 1;
	classes = {
	};
	objectVersion = 77;
	objects = {

/* Begin PBXBuildFile section */
		928453562E5D9E0200493122 /* FirebaseAuth in Frameworks */ = {isa = PBXBuildFile; productRef = 928453552E5D9E0200493122 /* FirebaseAuth */; };
		928453582E5D9E0200493122 /* FirebaseFirestore in Frameworks */ = {isa = PBXBuildFile; productRef = 928453572E5D9E0200493122 /* FirebaseFirestore */; };
		9284538C2E5F7AA800493122 /* TLview.swift in Sources */ = {isa = PBXBuildFile; fileRef = 9284538B2E5F7AA800493122 /* TLview.swift */; };
/* End PBXBuildFile section */

/* Begin PBXContainerItemProxy section */
		928453382E5D971100493122 /* PBXContainerItemProxy */ = {
			isa = PBXContainerItemProxy;
			containerPortal = 928453222E5D971100493122 /* Project object */;
			proxyType = 1;
			remoteGlobalIDString = 928453292E5D971100493122;
			remoteInfo = tasky;
		};
		928453422E5D971100493122 /* PBXContainerItemProxy */ = {
			isa = PBXContainerItemProxy;
			containerPortal = 928453222E5D971100493122 /* Project object */;
			proxyType = 1;
			remoteGlobalIDString = 928453292E5D971100493122;
			remoteInfo = tasky;
		};
/* End PBXContainerItemProxy section */

/* Begin PBXFileReference section */
		9284532A2E5D971100493122 /* Tickr.app */ = {isa = PBXFileReference; explicitFileType = wrapper.application; includeInIndex = 0; path = Tickr.app; sourceTree = BUILT_PRODUCTS_DIR; };
		928453372E5D971100493122 /* TickrTests.xctest */ = {isa = PBXFileReference; explicitFileType = wrapper.cfbundle; includeInIndex = 0; path = TickrTests.xctest; sourceTree = BUILT_PRODUCTS_DIR; };
		928453412E5D971100493122 /* TickrUITests.xctest */ = {isa = PBXFileReference; explicitFileType = wrapper.cfbundle; includeInIndex = 0; path = TickrUITests.xctest; sourceTree = BUILT_PRODUCTS_DIR; };
		9284538B2E5F7AA800493122 /* TLview.swift */ = {isa = PBXFileReference; lastKnownFileType = sourcecode.swift; path = TLview.swift; sourceTree = "<group>"; };
/* End PBXFileReference section */

/* Begin PBXFileSystemSynchronizedRootGroup section */
		9284532C2E5D971100493122 /* tasky */ = {
			isa = PBXFileSystemSynchronizedRootGroup;
			path = tasky;
			sourceTree = "<group>";
		};
		9284533A2E5D971100493122 /* taskyTests */ = {
			isa = PBXFileSystemSynchronizedRootGroup;
			path = taskyTests;
			sourceTree = "<group>";
		};
		928453442E5D971100493122 /* taskyUITests */ = {
			isa = PBXFileSystemSynchronizedRootGroup;
			path = taskyUITests;
			sourceTree = "<group>";
		};
/* End PBXFileSystemSynchronizedRootGroup section */

/* Begin PBXFrameworksBuildPhase section */
		928453272E5D971100493122 /* Frameworks */ = {
			isa = PBXFrameworksBuildPhase;
			buildActionMask = 2147483647;
			files = (
				928453562E5D9E0200493122 /* FirebaseAuth in Frameworks */,
				928453582E5D9E0200493122 /* FirebaseFirestore in Frameworks */,
			);
			runOnlyForDeploymentPostprocessing = 0;
		};
		928453342E5D971100493122 /* Frameworks */ = {
			isa = PBXFrameworksBuildPhase;
			buildActionMask = 2147483647;
			files = (
			);
			runOnlyForDeploymentPostprocessing = 0;
		};
		9284533E2E5D971100493122 /* Frameworks */ = {
			isa = PBXFrameworksBuildPhase;
			buildActionMask = 2147483647;
			files = (
			);
			runOnlyForDeploymentPostprocessing = 0;
		};
/* End PBXFrameworksBuildPhase section */

/* Begin PBXGroup section */
		928453212E5D971100493122 = {
			isa = PBXGroup;
			children = (
				9284538B2E5F7AA800493122 /* TLview.swift */,
				9284532C2E5D971100493122 /* tasky */,
				9284533A2E5D971100493122 /* taskyTests */,
				928453442E5D971100493122 /* taskyUITests */,
				9284532B2E5D971100493122 /* Products */,
			);
			sourceTree = "<group>";
		};
		9284532B2E5D971100493122 /* Products */ = {
			isa = PBXGroup;
			children = (
				9284532A2E5D971100493122 /* Tickr.app */,
				928453372E5D971100493122 /* TickrTests.xctest */,
				928453412E5D971100493122 /* TickrUITests.xctest */,
			);
			name = Products;
			sourceTree = "<group>";
		};
/* End PBXGroup section */

/* Begin PBXNativeTarget section */
		928453292E5D971100493122 /* Tickr */ = {
			isa = PBXNativeTarget;
			buildConfigurationList = 9284534B2E5D971100493122 /* Build configuration list for PBXNativeTarget "Tickr" */;
			buildPhases = (
				928453262E5D971100493122 /* Sources */,
				928453272E5D971100493122 /* Frameworks */,
				928453282E5D971100493122 /* Resources */,
			);
			buildRules = (
			);
			dependencies = (
			);
			fileSystemSynchronizedGroups = (
				9284532C2E5D971100493122 /* tasky */,
			);
			name = Tickr;
			packageProductDependencies = (
				928453552E5D9E0200493122 /* FirebaseAuth */,
				928453572E5D9E0200493122 /* FirebaseFirestore */,
			);
			productName = tasky;
			productReference = 9284532A2E5D971100493122 /* Tickr.app */;
			productType = "com.apple.product-type.application";
		};
		928453362E5D971100493122 /* TickrTests */ = {
			isa = PBXNativeTarget;
			buildConfigurationList = 9284534E2E5D971100493122 /* Build configuration list for PBXNativeTarget "TickrTests" */;
			buildPhases = (
				928453332E5D971100493122 /* Sources */,
				928453342E5D971100493122 /* Frameworks */,
				928453352E5D971100493122 /* Resources */,
			);
			buildRules = (
			);
			dependencies = (
				928453392E5D971100493122 /* PBXTargetDependency */,
			);
			fileSystemSynchronizedGroups = (
				9284533A2E5D971100493122 /* taskyTests */,
			);
			name = TickrTests;
			packageProductDependencies = (
			);
			productName = taskyTests;
			productReference = 928453372E5D971100493122 /* TickrTests.xctest */;
			productType = "com.apple.product-type.bundle.unit-test";
		};
		928453402E5D971100493122 /* TickrUITests */ = {
			isa = PBXNativeTarget;
			buildConfigurationList = 928453512E5D971100493122 /* Build configuration list for PBXNativeTarget "TickrUITests" */;
			buildPhases = (
				9284533D2E5D971100493122 /* Sources */,
				9284533E2E5D971100493122 /* Frameworks */,
				9284533F2E5D971100493122 /* Resources */,
			);
			buildRules = (
			);
			dependencies = (
				928453432E5D971100493122 /* PBXTargetDependency */,
			);
			fileSystemSynchronizedGroups = (
				928453442E5D971100493122 /* taskyUITests */,
			);
			name = TickrUITests;
			packageProductDependencies = (
			);
			productName = taskyUITests;
			productReference = 928453412E5D971100493122 /* TickrUITests.xctest */;
			productType = "com.apple.product-type.bundle.ui-testing";
		};
/* End PBXNativeTarget section */

/* Begin PBXProject section */
		928453222E5D971100493122 /* Project object */ = {
			isa = PBXProject;
			attributes = {
				BuildIndependentTargetsInParallel = 1;
				LastSwiftUpdateCheck = 1640;
				LastUpgradeCheck = 1640;
				TargetAttributes = {
					928453292E5D971100493122 = {
						CreatedOnToolsVersion = 16.4;
					};
					928453362E5D971100493122 = {
						CreatedOnToolsVersion = 16.4;
						TestTargetID = 928453292E5D971100493122;
					};
					928453402E5D971100493122 = {
						CreatedOnToolsVersion = 16.4;
						TestTargetID = 928453292E5D971100493122;
					};
				};
			};
			buildConfigurationList = 928453252E5D971100493122 /* Build configuration list for PBXProject "Tickr" */;
			developmentRegion = en;
			hasScannedForEncodings = 0;
			knownRegions = (
				en,
				Base,
			);
			mainGroup = 928453212E5D971100493122;
			minimizedProjectReferenceProxies = 1;
			packageReferences = (
				928453542E5D9E0200493122 /* XCRemoteSwiftPackageReference "firebase-ios-sdk" */,
			);
			preferredProjectObjectVersion = 77;
			productRefGroup = 9284532B2E5D971100493122 /* Products */;
			projectDirPath = "";
			projectRoot = "";
			targets = (
				928453292E5D971100493122 /* Tickr */,
				928453362E5D971100493122 /* TickrTests */,
				928453402E5D971100493122 /* TickrUITests */,
			);
		};
/* End PBXProject section */

/* Begin PBXResourcesBuildPhase section */
		928453282E5D971100493122 /* Resources */ = {
			isa = PBXResourcesBuildPhase;
			buildActionMask = 2147483647;
			files = (
			);
			runOnlyForDeploymentPostprocessing = 0;
		};
		928453352E5D971100493122 /* Resources */ = {
			isa = PBXResourcesBuildPhase;
			buildActionMask = 2147483647;
			files = (
			);
			runOnlyForDeploymentPostprocessing = 0;
		};
		9284533F2E5D971100493122 /* Resources */ = {
			isa = PBXResourcesBuildPhase;
			buildActionMask = 2147483647;
			files = (
			);
			runOnlyForDeploymentPostprocessing = 0;
		};
/* End PBXResourcesBuildPhase section */

/* Begin PBXSourcesBuildPhase section */
		928453262E5D971100493122 /* Sources */ = {
			isa = PBXSourcesBuildPhase;
			buildActionMask = 2147483647;
			files = (
				9284538C2E5F7AA800493122 /* TLview.swift in Sources */,
			);
			runOnlyForDeploymentPostprocessing = 0;
		};
		928453332E5D971100493122 /* Sources */ = {
			isa = PBXSourcesBuildPhase;
			buildActionMask = 2147483647;
			files = (
			);
			runOnlyForDeploymentPostprocessing = 0;
		};
		9284533D2E5D971100493122 /* Sources */ = {
			isa = PBXSourcesBuildPhase;
			buildActionMask = 2147483647;
			files = (
			);
			runOnlyForDeploymentPostprocessing = 0;
		};
/* End PBXSourcesBuildPhase section */

/* Begin PBXTargetDependency section */
		928453392E5D971100493122 /* PBXTargetDependency */ = {
			isa = PBXTargetDependency;
			target = 928453292E5D971100493122 /* Tickr */;
			targetProxy = 928453382E5D971100493122 /* PBXContainerItemProxy */;
		};
		928453432E5D971100493122 /* PBXTargetDependency */ = {
			isa = PBXTargetDependency;
			target = 928453292E5D971100493122 /* Tickr */;
			targetProxy = 928453422E5D971100493122 /* PBXContainerItemProxy */;
		};
/* End PBXTargetDependency section */

/* Begin XCBuildConfiguration section */
		928453492E5D971100493122 /* Debug */ = {
			isa = XCBuildConfiguration;
			buildSettings = {
				ALWAYS_SEARCH_USER_PATHS = NO;
				ASSETCATALOG_COMPILER_GENERATE_SWIFT_ASSET_SYMBOL_EXTENSIONS = YES;
				CLANG_ANALYZER_NONNULL = YES;
				CLANG_ANALYZER_NUMBER_OBJECT_CONVERSION = YES_AGGRESSIVE;
				CLANG_CXX_LANGUAGE_STANDARD = "gnu++20";
				CLANG_ENABLE_MODULES = YES;
				CLANG_ENABLE_OBJC_ARC = YES;
				CLANG_ENABLE_OBJC_WEAK = YES;
				CLANG_WARN_BLOCK_CAPTURE_AUTORELEASING = YES;
				CLANG_WARN_BOOL_CONVERSION = YES;
				CLANG_WARN_COMMA = YES;
				CLANG_WARN_CONSTANT_CONVERSION = YES;
				CLANG_WARN_DEPRECATED_OBJC_IMPLEMENTATIONS = YES;
				CLANG_WARN_DIRECT_OBJC_ISA_USAGE = YES_ERROR;
				CLANG_WARN_DOCUMENTATION_COMMENTS = YES;
				CLANG_WARN_EMPTY_BODY = YES;
				CLANG_WARN_ENUM_CONVERSION = YES;
				CLANG_WARN_INFINITE_RECURSION = YES;
				CLANG_WARN_INT_CONVERSION = YES;
				CLANG_WARN_NON_LITERAL_NULL_CONVERSION = YES;
				CLANG_WARN_OBJC_IMPLICIT_RETAIN_SELF = YES;
				CLANG_WARN_OBJC_LITERAL_CONVERSION = YES;
				CLANG_WARN_OBJC_ROOT_CLASS = YES_ERROR;
				CLANG_WARN_QUOTED_INCLUDE_IN_FRAMEWORK_HEADER = YES;
				CLANG_WARN_RANGE_LOOP_ANALYSIS = YES;
				CLANG_WARN_STRICT_PROTOTYPES = YES;
				CLANG_WARN_SUSPICIOUS_MOVE = YES;
				CLANG_WARN_UNGUARDED_AVAILABILITY = YES_AGGRESSIVE;
				CLANG_WARN_UNREACHABLE_CODE = YES;
				CLANG_WARN__DUPLICATE_METHOD_MATCH = YES;
				COPY_PHASE_STRIP = NO;
				DEBUG_INFORMATION_FORMAT = dwarf;
				DEVELOPMENT_TEAM = L254FV2ACT;
				ENABLE_STRICT_OBJC_MSGSEND = YES;
				ENABLE_TESTABILITY = YES;
				ENABLE_USER_SCRIPT_SANDBOXING = YES;
				GCC_C_LANGUAGE_STANDARD = gnu17;
				GCC_DYNAMIC_NO_PIC = NO;
				GCC_NO_COMMON_BLOCKS = YES;
				GCC_OPTIMIZATION_LEVEL = 0;
				GCC_PREPROCESSOR_DEFINITIONS = (
					"DEBUG=1",
					"$(inherited)",
				);
				GCC_WARN_64_TO_32_BIT_CONVERSION = YES;
				GCC_WARN_ABOUT_RETURN_TYPE = YES_ERROR;
				GCC_WARN_UNDECLARED_SELECTOR = YES;
				GCC_WARN_UNINITIALIZED_AUTOS = YES_AGGRESSIVE;
				GCC_WARN_UNUSED_FUNCTION = YES;
				GCC_WARN_UNUSED_VARIABLE = YES;
				IPHONEOS_DEPLOYMENT_TARGET = 18.5;
				LOCALIZATION_PREFERS_STRING_CATALOGS = YES;
				MTL_ENABLE_DEBUG_INFO = INCLUDE_SOURCE;
				MTL_FAST_MATH = YES;
				ONLY_ACTIVE_ARCH = YES;
				SDKROOT = iphoneos;
				SWIFT_ACTIVE_COMPILATION_CONDITIONS = "DEBUG $(inherited)";
				SWIFT_OPTIMIZATION_LEVEL = "-Onone";
			};
			name = Debug;
		};
		9284534A2E5D971100493122 /* Release */ = {
			isa = XCBuildConfiguration;
			buildSettings = {
				ALWAYS_SEARCH_USER_PATHS = NO;
				ASSETCATALOG_COMPILER_GENERATE_SWIFT_ASSET_SYMBOL_EXTENSIONS = YES;
				CLANG_ANALYZER_NONNULL = YES;
				CLANG_ANALYZER_NUMBER_OBJECT_CONVERSION = YES_AGGRESSIVE;
				CLANG_CXX_LANGUAGE_STANDARD = "gnu++20";
				CLANG_ENABLE_MODULES = YES;
				CLANG_ENABLE_OBJC_ARC = YES;
				CLANG_ENABLE_OBJC_WEAK = YES;
				CLANG_WARN_BLOCK_CAPTURE_AUTORELEASING = YES;
				CLANG_WARN_BOOL_CONVERSION = YES;
				CLANG_WARN_COMMA = YES;
				CLANG_WARN_CONSTANT_CONVERSION = YES;
				CLANG_WARN_DEPRECATED_OBJC_IMPLEMENTATIONS = YES;
				CLANG_WARN_DIRECT_OBJC_ISA_USAGE = YES_ERROR;
				CLANG_WARN_DOCUMENTATION_COMMENTS = YES;
				CLANG_WARN_EMPTY_BODY = YES;
				CLANG_WARN_ENUM_CONVERSION = YES;
				CLANG_WARN_INFINITE_RECURSION = YES;
				CLANG_WARN_INT_CONVERSION = YES;
				CLANG_WARN_NON_LITERAL_NULL_CONVERSION = YES;
				CLANG_WARN_OBJC_IMPLICIT_RETAIN_SELF = YES;
				CLANG_WARN_OBJC_LITERAL_CONVERSION = YES;
				CLANG_WARN_OBJC_ROOT_CLASS = YES_ERROR;
				CLANG_WARN_QUOTED_INCLUDE_IN_FRAMEWORK_HEADER = YES;
				CLANG_WARN_RANGE_LOOP_ANALYSIS = YES;
				CLANG_WARN_STRICT_PROTOTYPES = YES;
				CLANG_WARN_SUSPICIOUS_MOVE = YES;
				CLANG_WARN_UNGUARDED_AVAILABILITY = YES_AGGRESSIVE;
				CLANG_WARN_UNREACHABLE_CODE = YES;
				CLANG_WARN__DUPLICATE_METHOD_MATCH = YES;
				COPY_PHASE_STRIP = NO;
				DEBUG_INFORMATION_FORMAT = "dwarf-with-dsym";
				DEVELOPMENT_TEAM = L254FV2ACT;
				ENABLE_NS_ASSERTIONS = NO;
				ENABLE_STRICT_OBJC_MSGSEND = YES;
				ENABLE_USER_SCRIPT_SANDBOXING = YES;
				GCC_C_LANGUAGE_STANDARD = gnu17;
				GCC_NO_COMMON_BLOCKS = YES;
				GCC_WARN_64_TO_32_BIT_CONVERSION = YES;
				GCC_WARN_ABOUT_RETURN_TYPE = YES_ERROR;
				GCC_WARN_UNDECLARED_SELECTOR = YES;
				GCC_WARN_UNINITIALIZED_AUTOS = YES_AGGRESSIVE;
				GCC_WARN_UNUSED_FUNCTION = YES;
				GCC_WARN_UNUSED_VARIABLE = YES;
				IPHONEOS_DEPLOYMENT_TARGET = 18.5;
				LOCALIZATION_PREFERS_STRING_CATALOGS = YES;
				MTL_ENABLE_DEBUG_INFO = NO;
				MTL_FAST_MATH = YES;
				SDKROOT = iphoneos;
				SWIFT_COMPILATION_MODE = wholemodule;
				VALIDATE_PRODUCT = YES;
			};
			name = Release;
		};
		9284534C2E5D971100493122 /* Debug */ = {
			isa = XCBuildConfiguration;
			buildSettings = {
				ASSETCATALOG_COMPILER_APPICON_NAME = AppIcon;
				ASSETCATALOG_COMPILER_GLOBAL_ACCENT_COLOR_NAME = AccentColor;
				CODE_SIGN_STYLE = Automatic;
				CURRENT_PROJECT_VERSION = 1;
				DEVELOPMENT_TEAM = L254FV2ACT;
				ENABLE_PREVIEWS = YES;
				GENERATE_INFOPLIST_FILE = YES;
				INFOPLIST_KEY_CFBundleDisplayName = Tickr;
				INFOPLIST_KEY_UIApplicationSceneManifest_Generation = YES;
				INFOPLIST_KEY_UIApplicationSupportsIndirectInputEvents = YES;
				INFOPLIST_KEY_UILaunchScreen_Generation = YES;
				INFOPLIST_KEY_UISupportedInterfaceOrientations = UIInterfaceOrientationPortrait;
				LD_RUNPATH_SEARCH_PATHS = (
					"$(inherited)",
					"@executable_path/Frameworks",
				);
				MARKETING_VERSION = 1.0;
				PRODUCT_BUNDLE_IDENTIFIER = com.aryan.taskm.tasky;
				PRODUCT_NAME = "$(TARGET_NAME)";
				SWIFT_EMIT_LOC_STRINGS = YES;
				SWIFT_VERSION = 5.0;
				TARGETED_DEVICE_FAMILY = "1,2";
			};
			name = Debug;
		};
		9284534D2E5D971100493122 /* Release */ = {
			isa = XCBuildConfiguration;
			buildSettings = {
				ASSETCATALOG_COMPILER_APPICON_NAME = AppIcon;
				ASSETCATALOG_COMPILER_GLOBAL_ACCENT_COLOR_NAME = AccentColor;
				CODE_SIGN_STYLE = Automatic;
				CURRENT_PROJECT_VERSION = 1;
				DEVELOPMENT_TEAM = L254FV2ACT;
				ENABLE_PREVIEWS = YES;
				GENERATE_INFOPLIST_FILE = YES;
				INFOPLIST_KEY_CFBundleDisplayName = Tickr;
				INFOPLIST_KEY_UIApplicationSceneManifest_Generation = YES;
				INFOPLIST_KEY_UIApplicationSupportsIndirectInputEvents = YES;
				INFOPLIST_KEY_UILaunchScreen_Generation = YES;
				INFOPLIST_KEY_UISupportedInterfaceOrientations = UIInterfaceOrientationPortrait;
				LD_RUNPATH_SEARCH_PATHS = (
					"$(inherited)",
					"@executable_path/Frameworks",
				);
				MARKETING_VERSION = 1.0;
				PRODUCT_BUNDLE_IDENTIFIER = com.aryan.taskm.tasky;
				PRODUCT_NAME = "$(TARGET_NAME)";
				SWIFT_EMIT_LOC_STRINGS = YES;
				SWIFT_VERSION = 5.0;
				TARGETED_DEVICE_FAMILY = "1,2";
			};
			name = Release;
		};
		9284534F2E5D971100493122 /* Debug */ = {
			isa = XCBuildConfiguration;
			buildSettings = {
				BUNDLE_LOADER = "$(TEST_HOST)";
				CODE_SIGN_STYLE = Automatic;
				CURRENT_PROJECT_VERSION = 1;
				DEVELOPMENT_TEAM = L254FV2ACT;
				GENERATE_INFOPLIST_FILE = YES;
				IPHONEOS_DEPLOYMENT_TARGET = 18.5;
				MARKETING_VERSION = 1.0;
				PRODUCT_BUNDLE_IDENTIFIER = com.aryan.taskm.taskyTests;
				PRODUCT_NAME = "$(TARGET_NAME)";
				SWIFT_EMIT_LOC_STRINGS = NO;
				SWIFT_VERSION = 5.0;
				TARGETED_DEVICE_FAMILY = "1,2";
				TEST_HOST = "$(BUILT_PRODUCTS_DIR)/Tickr.app/$(BUNDLE_EXECUTABLE_FOLDER_PATH)/Tickr";
			};
			name = Debug;
		};
		928453502E5D971100493122 /* Release */ = {
			isa = XCBuildConfiguration;
			buildSettings = {
				BUNDLE_LOADER = "$(TEST_HOST)";
				CODE_SIGN_STYLE = Automatic;
				CURRENT_PROJECT_VERSION = 1;
				DEVELOPMENT_TEAM = L254FV2ACT;
				GENERATE_INFOPLIST_FILE = YES;
				IPHONEOS_DEPLOYMENT_TARGET = 18.5;
				MARKETING_VERSION = 1.0;
				PRODUCT_BUNDLE_IDENTIFIER = com.aryan.taskm.taskyTests;
				PRODUCT_NAME = "$(TARGET_NAME)";
				SWIFT_EMIT_LOC_STRINGS = NO;
				SWIFT_VERSION = 5.0;
				TARGETED_DEVICE_FAMILY = "1,2";
				TEST_HOST = "$(BUILT_PRODUCTS_DIR)/Tickr.app/$(BUNDLE_EXECUTABLE_FOLDER_PATH)/Tickr";
			};
			name = Release;
		};
		928453522E5D971100493122 /* Debug */ = {
			isa = XCBuildConfiguration;
			buildSettings = {
				CODE_SIGN_STYLE = Automatic;
				CURRENT_PROJECT_VERSION = 1;
				DEVELOPMENT_TEAM = L254FV2ACT;
				GENERATE_INFOPLIST_FILE = YES;
				MARKETING_VERSION = 1.0;
				PRODUCT_BUNDLE_IDENTIFIER = com.aryan.taskm.taskyUITests;
				PRODUCT_NAME = "$(TARGET_NAME)";
				SWIFT_EMIT_LOC_STRINGS = NO;
				SWIFT_VERSION = 5.0;
				TARGETED_DEVICE_FAMILY = "1,2";
				TEST_TARGET_NAME = tasky;
			};
			name = Debug;
		};
		928453532E5D971100493122 /* Release */ = {
			isa = XCBuildConfiguration;
			buildSettings = {
				CODE_SIGN_STYLE = Automatic;
				CURRENT_PROJECT_VERSION = 1;
				DEVELOPMENT_TEAM = L254FV2ACT;
				GENERATE_INFOPLIST_FILE = YES;
				MARKETING_VERSION = 1.0;
				PRODUCT_BUNDLE_IDENTIFIER = com.aryan.taskm.taskyUITests;
				PRODUCT_NAME = "$(TARGET_NAME)";
				SWIFT_EMIT_LOC_STRINGS = NO;
				SWIFT_VERSION = 5.0;
				TARGETED_DEVICE_FAMILY = "1,2";
				TEST_TARGET_NAME = tasky;
			};
			name = Release;
		};
/* End XCBuildConfiguration section */

/* Begin XCConfigurationList section */
		928453252E5D971100493122 /* Build configuration list for PBXProject "Tickr" */ = {
			isa = XCConfigurationList;
			buildConfigurations = (
				928453492E5D971100493122 /* Debug */,
				9284534A2E5D971100493122 /* Release */,
			);
			defaultConfigurationIsVisible = 0;
			defaultConfigurationName = Release;
		};
		9284534B2E5D971100493122 /* Build configuration list for PBXNativeTarget "Tickr" */ = {
			isa = XCConfigurationList;
			buildConfigurations = (
				9284534C2E5D971100493122 /* Debug */,
				9284534D2E5D971100493122 /* Release */,
			);
			defaultConfigurationIsVisible = 0;
			defaultConfigurationName = Release;
		};
		9284534E2E5D971100493122 /* Build configuration list for PBXNativeTarget "TickrTests" */ = {
			isa = XCConfigurationList;
			buildConfigurations = (
				9284534F2E5D971100493122 /* Debug */,
				928453502E5D971100493122 /* Release */,
			);
			defaultConfigurationIsVisible = 0;
			defaultConfigurationName = Release;
		};
		928453512E5D971100493122 /* Build configuration list for PBXNativeTarget "TickrUITests" */ = {
			isa = XCConfigurationList;
			buildConfigurations = (
				928453522E5D971100493122 /* Debug */,
				928453532E5D971100493122 /* Release */,
			);
			defaultConfigurationIsVisible = 0;
			defaultConfigurationName = Release;
		};
/* End XCConfigurationList section */

/* Begin XCRemoteSwiftPackageReference section */
		928453542E5D9E0200493122 /* XCRemoteSwiftPackageReference "firebase-ios-sdk" */ = {
			isa = XCRemoteSwiftPackageReference;
			repositoryURL = "https://github.com/firebase/firebase-ios-sdk";
			requirement = {
				kind = upToNextMajorVersion;
				minimumVersion = 12.1.0;
			};
		};
/* End XCRemoteSwiftPackageReference section */

/* Begin XCSwiftPackageProductDependency section */
		928453552E5D9E0200493122 /* FirebaseAuth */ = {
			isa = XCSwiftPackageProductDependency;
			package = 928453542E5D9E0200493122 /* XCRemoteSwiftPackageReference "firebase-ios-sdk" */;
			productName = FirebaseAuth;
		};
		928453572E5D9E0200493122 /* FirebaseFirestore */ = {
			isa = XCSwiftPackageProductDependency;
			package = 928453542E5D9E0200493122 /* XCRemoteSwiftPackageReference "firebase-ios-sdk" */;
			productName = FirebaseFirestore;
		};
/* End XCSwiftPackageProductDependency section */
	};
	rootObject = 928453222E5D971100493122 /* Project object */;
}
